
Microsoft Visual Studio Solution File, Format Version 12.00
# Visual Studio Version 16
VisualStudioVersion = 16.0.30011.22
MinimumVisualStudioVersion = 10.0.40219.1
Project("{FAE04EC0-301F-11D3-BF4B-00C04F79EFBC}") = "BlobAzure", "BlobAzure\BlobAzure.csproj", "{9F69B7B3-F28A-4780-85DF-AAD20333E611}"
EndProject
Global
	GlobalSection(SolutionConfigurationPlatforms) = preSolution
		Debug|Any CPU = Debug|Any CPU
		Release|Any CPU = Release|Any CPU
	EndGlobalSection
	GlobalSection(ProjectConfigurationPlatforms) = postSolution
		{9F69B7B3-F28A-4780-85DF-AAD20333E611}.Debug|Any CPU.ActiveCfg = Debug|Any CPU
		{9F69B7B3-F28A-4780-85DF-AAD20333E611}.Debug|Any CPU.Build.0 = Debug|Any CPU
		{9F69B7B3-F28A-4780-85DF-AAD20333E611}.Release|Any CPU.ActiveCfg = Release|Any CPU
		{9F69B7B3-F28A-4780-85DF-AAD20333E611}.Release|Any CPU.Build.0 = Release|Any CPU
	EndGlobalSection
	GlobalSection(SolutionProperties) = preSolution
		HideSolutionNode = FALSE
	EndGlobalSection
	GlobalSection(ExtensibilityGlobals) = postSolution
		SolutionGuid = {26ED8561-7E65-44CE-8BE7-0F250D0DA784}
	EndGlobalSection
EndGlobal
